
Microsoft Visual Studio Solution File, Format Version 12.00
# Visual Studio Version 17
VisualStudioVersion = 17.2.32526.322
MinimumVisualStudioVersion = 10.0.40219.1
Project("{FAE04EC0-301F-11D3-BF4B-00C04F79EFBC}") = "warcraft", "warcraft\warcraft.csproj", "{579C84BF-D4CF-4A72-AD16-68BE55E25E01}"
EndProject
Global
	GlobalSection(SolutionConfigurationPlatforms) = preSolution
		Debug|Any CPU = Debug|Any CPU
		Release|Any CPU = Release|Any CPU
	EndGlobalSection
	GlobalSection(ProjectConfigurationPlatforms) = postSolution
		{579C84BF-D4CF-4A72-AD16-68BE55E25E01}.Debug|Any CPU.ActiveCfg = Debug|Any CPU
		{579C84BF-D4CF-4A72-AD16-68BE55E25E01}.Debug|Any CPU.Build.0 = Debug|Any CPU
		{579C84BF-D4CF-4A72-AD16-68BE55E25E01}.Release|Any CPU.ActiveCfg = Release|Any CPU
		{579C84BF-D4CF-4A72-AD16-68BE55E25E01}.Release|Any CPU.Build.0 = Release|Any CPU
	EndGlobalSection
	GlobalSection(SolutionProperties) = preSolution
		HideSolutionNode = FALSE
	EndGlobalSection
	GlobalSection(ExtensibilityGlobals) = postSolution
		SolutionGuid = {B7EFD960-9CEE-4CF0-B72B-D27776C07F8F}
	EndGlobalSection
EndGlobal
